
Microsoft Visual Studio Solution File, Format Version 12.00
# Visual Studio 15
VisualStudioVersion = 15.0.28010.2016
MinimumVisualStudioVersion = 10.0.40219.1
Project("{FAE04EC0-301F-11D3-BF4B-00C04F79EFBC}") = "CountriesProgram_DavidHartglass", "DavidHartglass_HWK4\CountriesProgram_DavidHartglass.csproj", "{07E633C9-936F-46FB-8265-16D78CE3DB57}"
EndProject
Global
	GlobalSection(SolutionConfigurationPlatforms) = preSolution
		Debug|Any CPU = Debug|Any CPU
		Release|Any CPU = Release|Any CPU
	EndGlobalSection
	GlobalSection(ProjectConfigurationPlatforms) = postSolution
		{07E633C9-936F-46FB-8265-16D78CE3DB57}.Debug|Any CPU.ActiveCfg = Debug|Any CPU
		{07E633C9-936F-46FB-8265-16D78CE3DB57}.Debug|Any CPU.Build.0 = Debug|Any CPU
		{07E633C9-936F-46FB-8265-16D78CE3DB57}.Release|Any CPU.ActiveCfg = Release|Any CPU
		{07E633C9-936F-46FB-8265-16D78CE3DB57}.Release|Any CPU.Build.0 = Release|Any CPU
	EndGlobalSection
	GlobalSection(SolutionProperties) = preSolution
		HideSolutionNode = FALSE
	EndGlobalSection
	GlobalSection(ExtensibilityGlobals) = postSolution
		SolutionGuid = {FEF0437C-19A4-405D-8B05-55B69746E1A6}
	EndGlobalSection
EndGlobal
